{
  "name": "clank-sidecar",
  "version": "0.1.0",
  "lockfileVersion": 3,
  "requires": true,
  "packages": {
    "": {
      "name": "clank-sidecar",
      "version": "0.1.0",
      "dependencies": {
        "clank-engine": "file:../../llamatalkbuild-engine"
      }
    },
    "../../llamatalkbuild-engine": {
      "name": "clank-engine",
      "version": "1.0.0",
      "license": "MIT"
    },
    "node_modules/clank-engine": {
      "resolved": "../../llamatalkbuild-engine",
      "link": true
    }
  }
}
