{
  "name": "llamabuild-sidecar",
  "version": "0.1.0",
  "lockfileVersion": 3,
  "requires": true,
  "packages": {
    "": {
      "name": "llamabuild-sidecar",
      "version": "0.1.0",
      "dependencies": {
        "llamatalkbuild-engine": "file:../../llamatalkbuild-engine"
      }
    },
    "../../llamatalkbuild-engine": {
      "version": "1.0.0",
      "license": "MIT"
    },
    "node_modules/llamatalkbuild-engine": {
      "resolved": "../../llamatalkbuild-engine",
      "link": true
    }
  }
}
